
Microsoft Visual Studio Solution File, Format Version 12.00
# Visual Studio Version 16
VisualStudioVersion = 16.0.30611.23
MinimumVisualStudioVersion = 10.0.40219.1
Project("{FAE04EC0-301F-11D3-BF4B-00C04F79EFBC}") = "DG35.Core", "..\DG35.Core\DG35.Core.csproj", "{D46FB447-1E77-45E2-8F07-8901EEF24CE7}"
EndProject
Global
	GlobalSection(SolutionConfigurationPlatforms) = preSolution
		Debug|Any CPU = Debug|Any CPU
		Debug|x86 = Debug|x86
		Release|Any CPU = Release|Any CPU
		Release|x86 = Release|x86
	EndGlobalSection
	GlobalSection(ProjectConfigurationPlatforms) = postSolution
		{D46FB447-1E77-45E2-8F07-8901EEF24CE7}.Debug|Any CPU.ActiveCfg = Debug|Any CPU
		{D46FB447-1E77-45E2-8F07-8901EEF24CE7}.Debug|Any CPU.Build.0 = Debug|Any CPU
		{D46FB447-1E77-45E2-8F07-8901EEF24CE7}.Debug|x86.ActiveCfg = Debug|x86
		{D46FB447-1E77-45E2-8F07-8901EEF24CE7}.Debug|x86.Build.0 = Debug|x86
		{D46FB447-1E77-45E2-8F07-8901EEF24CE7}.Release|Any CPU.ActiveCfg = Release|Any CPU
		{D46FB447-1E77-45E2-8F07-8901EEF24CE7}.Release|Any CPU.Build.0 = Release|Any CPU
		{D46FB447-1E77-45E2-8F07-8901EEF24CE7}.Release|x86.ActiveCfg = Release|x86
		{D46FB447-1E77-45E2-8F07-8901EEF24CE7}.Release|x86.Build.0 = Release|x86
	EndGlobalSection
	GlobalSection(SolutionProperties) = preSolution
		HideSolutionNode = FALSE
	EndGlobalSection
	GlobalSection(ExtensibilityGlobals) = postSolution
		SolutionGuid = {909C0152-0CDC-46AF-AB1C-4A81A8A7E925}
	EndGlobalSection
EndGlobal
